{
  "name": "geo",
  "lockfileVersion": 2,
  "requires": true,
  "packages": {
    "": {
      "dependencies": {
        "@asymmetrik/ngx-leaflet": "^13.0.2",
        "@asymmetrik/ngx-leaflet-draw": "^13.0.3",
        "leaflet": "^1.8.0",
        "leaflet-draw": "^1.0.4"
      },
      "devDependencies": {
        "@types/leaflet": "^1.7.10",
        "@types/leaflet-draw": "^1.0.5"
      }
    },
    "node_modules/@angular/common": {
      "version": "13.3.9",
      "resolved": "https://registry.npmjs.org/@angular/common/-/common-13.3.9.tgz",
      "integrity": "sha512-+bTleNL1XGlzuxLbVbsol82/33IW2pJasQN8ViraxKIElT2F8ooBJevIBMCSIcdvxvMBGAjn4ayQJr6tkPqPaw==",
      "peer": true,
      "dependencies": {
        "tslib": "^2.3.0"
      },
      "engines": {
        "node": "^12.20.0 || ^14.15.0 || >=16.10.0"
      },
      "peerDependencies": {
        "@angular/core": "13.3.9",
        "rxjs": "^6.5.3 || ^7.4.0"
      }
    },
    "node_modules/@angular/core": {
      "version": "13.3.9",
      "resolved": "https://registry.npmjs.org/@angular/core/-/core-13.3.9.tgz",
      "integrity": "sha512-LaY3yBDgN/efG11x/cwVeuC4gUG3YUMmk/sgAP3L1VGawYOiKoJ76decFpy6y4UgYPShQQRzpZQEVXF405jrLg==",
      "peer": true,
      "dependencies": {
        "tslib": "^2.3.0"
      },
      "engines": {
        "node": "^12.20.0 || ^14.15.0 || >=16.10.0"
      },
      "peerDependencies": {
        "rxjs": "^6.5.3 || ^7.4.0",
        "zone.js": "~0.11.4"
      }
    },
    "node_modules/@asymmetrik/ngx-leaflet": {
      "version": "13.0.2",
      "resolved": "https://registry.npmjs.org/@asymmetrik/ngx-leaflet/-/ngx-leaflet-13.0.2.tgz",
      "integrity": "sha512-7JUucZeODTpCrKh1OdhJpzFl6vnawpmramX+ow47AG2R73p5ZNxymTjD6fmevJLL9H6w2PeD2i4Vt6s4V018Kg==",
      "dependencies": {
        "tslib": "^2.3.0"
      },
      "peerDependencies": {
        "@angular/common": "13",
        "@angular/core": "13",
        "leaflet": "1"
      }
    },
    "node_modules/@asymmetrik/ngx-leaflet-draw": {
      "version": "13.0.3",
      "resolved": "https://registry.npmjs.org/@asymmetrik/ngx-leaflet-draw/-/ngx-leaflet-draw-13.0.3.tgz",
      "integrity": "sha512-uMA+gViRmTWDhXkvlJMM3zzgYswK3UFtF8mDY0G5ujtG2J/NBWZhS7PII1OYTHzItR/KQ/uYsl5BtX90al7ZaA==",
      "dependencies": {
        "tslib": "^2.3.0"
      },
      "peerDependencies": {
        "@angular/common": "13",
        "@angular/core": "13",
        "@asymmetrik/ngx-leaflet": "13",
        "leaflet": "1",
        "leaflet-draw": "1"
      }
    },
    "node_modules/@types/geojson": {
      "version": "7946.0.8",
      "resolved": "https://registry.npmjs.org/@types/geojson/-/geojson-7946.0.8.tgz",
      "integrity": "sha512-1rkryxURpr6aWP7R786/UQOkJ3PcpQiWkAXBmdWc7ryFWqN6a4xfK7BtjXvFBKO9LjQ+MWQSWxYeZX1OApnArA==",
      "dev": true
    },
    "node_modules/@types/leaflet": {
      "version": "1.7.10",
      "resolved": "https://registry.npmjs.org/@types/leaflet/-/leaflet-1.7.10.tgz",
      "integrity": "sha512-RzK5BYwYboOXXxyF01tp8g1J8UbdRvoaf+F/jCnVaWC42+QITB6wKvUklcX7jCMRWkzTnGO9NLg7A6SzrlGALA==",
      "dev": true,
      "dependencies": {
        "@types/geojson": "*"
      }
    },
    "node_modules/@types/leaflet-draw": {
      "version": "1.0.5",
      "resolved": "https://registry.npmjs.org/@types/leaflet-draw/-/leaflet-draw-1.0.5.tgz",
      "integrity": "sha512-m/vmhI1XjiBZphwKwmmcOoxbMd0ybN78uZb1c9//zOG0aWVYJd3XTnIW1pnPhxhIB4EB1tgjmWjq0YQM/IyuXg==",
      "dev": true,
      "dependencies": {
        "@types/leaflet": "*"
      }
    },
    "node_modules/leaflet": {
      "version": "1.8.0",
      "resolved": "https://registry.npmjs.org/leaflet/-/leaflet-1.8.0.tgz",
      "integrity": "sha512-gwhMjFCQiYs3x/Sf+d49f10ERXaEFCPr+nVTryhAW8DWbMGqJqt9G4XuIaHmFW08zYvhgdzqXGr8AlW8v8dQkA=="
    },
    "node_modules/leaflet-draw": {
      "version": "1.0.4",
      "resolved": "https://registry.npmjs.org/leaflet-draw/-/leaflet-draw-1.0.4.tgz",
      "integrity": "sha512-rsQ6saQO5ST5Aj6XRFylr5zvarWgzWnrg46zQ1MEOEIHsppdC/8hnN8qMoFvACsPvTioAuysya/TVtog15tyAQ=="
    },
    "node_modules/rxjs": {
      "version": "7.5.5",
      "resolved": "https://registry.npmjs.org/rxjs/-/rxjs-7.5.5.tgz",
      "integrity": "sha512-sy+H0pQofO95VDmFLzyaw9xNJU4KTRSwQIGM6+iG3SypAtCiLDzpeG8sJrNCWn2Up9km+KhkvTdbkrdy+yzZdw==",
      "peer": true,
      "dependencies": {
        "tslib": "^2.1.0"
      }
    },
    "node_modules/tslib": {
      "version": "2.4.0",
      "resolved": "https://registry.npmjs.org/tslib/-/tslib-2.4.0.tgz",
      "integrity": "sha512-d6xOpEDfsi2CZVlPQzGeux8XMwLT9hssAsaPYExaQMuYskwb+x1x7J371tWlbBdWHroy99KnVB6qIkUbs5X3UQ=="
    },
    "node_modules/zone.js": {
      "version": "0.11.5",
      "resolved": "https://registry.npmjs.org/zone.js/-/zone.js-0.11.5.tgz",
      "integrity": "sha512-D1/7VxEuQ7xk6z/kAROe4SUbd9CzxY4zOwVGnGHerd/SgLIVU5f4esDzQUsOCeArn933BZfWMKydH7l7dPEp0g==",
      "peer": true,
      "dependencies": {
        "tslib": "^2.3.0"
      }
    }
  },
  "dependencies": {
    "@angular/common": {
      "version": "13.3.9",
      "resolved": "https://registry.npmjs.org/@angular/common/-/common-13.3.9.tgz",
      "integrity": "sha512-+bTleNL1XGlzuxLbVbsol82/33IW2pJasQN8ViraxKIElT2F8ooBJevIBMCSIcdvxvMBGAjn4ayQJr6tkPqPaw==",
      "peer": true,
      "requires": {
        "tslib": "^2.3.0"
      }
    },
    "@angular/core": {
      "version": "13.3.9",
      "resolved": "https://registry.npmjs.org/@angular/core/-/core-13.3.9.tgz",
      "integrity": "sha512-LaY3yBDgN/efG11x/cwVeuC4gUG3YUMmk/sgAP3L1VGawYOiKoJ76decFpy6y4UgYPShQQRzpZQEVXF405jrLg==",
      "peer": true,
      "requires": {
        "tslib": "^2.3.0"
      }
    },
    "@asymmetrik/ngx-leaflet": {
      "version": "13.0.2",
      "resolved": "https://registry.npmjs.org/@asymmetrik/ngx-leaflet/-/ngx-leaflet-13.0.2.tgz",
      "integrity": "sha512-7JUucZeODTpCrKh1OdhJpzFl6vnawpmramX+ow47AG2R73p5ZNxymTjD6fmevJLL9H6w2PeD2i4Vt6s4V018Kg==",
      "requires": {
        "tslib": "^2.3.0"
      }
    },
    "@asymmetrik/ngx-leaflet-draw": {
      "version": "13.0.3",
      "resolved": "https://registry.npmjs.org/@asymmetrik/ngx-leaflet-draw/-/ngx-leaflet-draw-13.0.3.tgz",
      "integrity": "sha512-uMA+gViRmTWDhXkvlJMM3zzgYswK3UFtF8mDY0G5ujtG2J/NBWZhS7PII1OYTHzItR/KQ/uYsl5BtX90al7ZaA==",
      "requires": {
        "tslib": "^2.3.0"
      }
    },
    "@types/geojson": {
      "version": "7946.0.8",
      "resolved": "https://registry.npmjs.org/@types/geojson/-/geojson-7946.0.8.tgz",
      "integrity": "sha512-1rkryxURpr6aWP7R786/UQOkJ3PcpQiWkAXBmdWc7ryFWqN6a4xfK7BtjXvFBKO9LjQ+MWQSWxYeZX1OApnArA==",
      "dev": true
    },
    "@types/leaflet": {
      "version": "1.7.10",
      "resolved": "https://registry.npmjs.org/@types/leaflet/-/leaflet-1.7.10.tgz",
      "integrity": "sha512-RzK5BYwYboOXXxyF01tp8g1J8UbdRvoaf+F/jCnVaWC42+QITB6wKvUklcX7jCMRWkzTnGO9NLg7A6SzrlGALA==",
      "dev": true,
      "requires": {
        "@types/geojson": "*"
      }
    },
    "@types/leaflet-draw": {
      "version": "1.0.5",
      "resolved": "https://registry.npmjs.org/@types/leaflet-draw/-/leaflet-draw-1.0.5.tgz",
      "integrity": "sha512-m/vmhI1XjiBZphwKwmmcOoxbMd0ybN78uZb1c9//zOG0aWVYJd3XTnIW1pnPhxhIB4EB1tgjmWjq0YQM/IyuXg==",
      "dev": true,
      "requires": {
        "@types/leaflet": "*"
      }
    },
    "leaflet": {
      "version": "1.8.0",
      "resolved": "https://registry.npmjs.org/leaflet/-/leaflet-1.8.0.tgz",
      "integrity": "sha512-gwhMjFCQiYs3x/Sf+d49f10ERXaEFCPr+nVTryhAW8DWbMGqJqt9G4XuIaHmFW08zYvhgdzqXGr8AlW8v8dQkA=="
    },
    "leaflet-draw": {
      "version": "1.0.4",
      "resolved": "https://registry.npmjs.org/leaflet-draw/-/leaflet-draw-1.0.4.tgz",
      "integrity": "sha512-rsQ6saQO5ST5Aj6XRFylr5zvarWgzWnrg46zQ1MEOEIHsppdC/8hnN8qMoFvACsPvTioAuysya/TVtog15tyAQ=="
    },
    "rxjs": {
      "version": "7.5.5",
      "resolved": "https://registry.npmjs.org/rxjs/-/rxjs-7.5.5.tgz",
      "integrity": "sha512-sy+H0pQofO95VDmFLzyaw9xNJU4KTRSwQIGM6+iG3SypAtCiLDzpeG8sJrNCWn2Up9km+KhkvTdbkrdy+yzZdw==",
      "peer": true,
      "requires": {
        "tslib": "^2.1.0"
      }
    },
    "tslib": {
      "version": "2.4.0",
      "resolved": "https://registry.npmjs.org/tslib/-/tslib-2.4.0.tgz",
      "integrity": "sha512-d6xOpEDfsi2CZVlPQzGeux8XMwLT9hssAsaPYExaQMuYskwb+x1x7J371tWlbBdWHroy99KnVB6qIkUbs5X3UQ=="
    },
    "zone.js": {
      "version": "0.11.5",
      "resolved": "https://registry.npmjs.org/zone.js/-/zone.js-0.11.5.tgz",
      "integrity": "sha512-D1/7VxEuQ7xk6z/kAROe4SUbd9CzxY4zOwVGnGHerd/SgLIVU5f4esDzQUsOCeArn933BZfWMKydH7l7dPEp0g==",
      "peer": true,
      "requires": {
        "tslib": "^2.3.0"
      }
    }
  }
}
